
Microsoft Visual Studio Solution File, Format Version 12.00
# Visual Studio 2012
Project("{FAE04EC0-301F-11D3-BF4B-00C04F79EFBC}") = "GraphFramework", "GraphFramework\GraphFramework.csproj", "{F8C84B09-A992-4D0A-B830-5D14533042B8}"
EndProject
Project("{FAE04EC0-301F-11D3-BF4B-00C04F79EFBC}") = "ExampleGraphTests", "ExampleGraphTests\ExampleGraphTests.csproj", "{62A58B8A-2D00-47BA-A33A-59CFC8008155}"
EndProject
Global
	GlobalSection(SolutionConfigurationPlatforms) = preSolution
		Debug|Any CPU = Debug|Any CPU
		Release|Any CPU = Release|Any CPU
	EndGlobalSection
	GlobalSection(ProjectConfigurationPlatforms) = postSolution
		{F8C84B09-A992-4D0A-B830-5D14533042B8}.Debug|Any CPU.ActiveCfg = Debug|Any CPU
		{F8C84B09-A992-4D0A-B830-5D14533042B8}.Debug|Any CPU.Build.0 = Debug|Any CPU
		{F8C84B09-A992-4D0A-B830-5D14533042B8}.Release|Any CPU.ActiveCfg = Release|Any CPU
		{F8C84B09-A992-4D0A-B830-5D14533042B8}.Release|Any CPU.Build.0 = Release|Any CPU
		{62A58B8A-2D00-47BA-A33A-59CFC8008155}.Debug|Any CPU.ActiveCfg = Debug|Any CPU
		{62A58B8A-2D00-47BA-A33A-59CFC8008155}.Debug|Any CPU.Build.0 = Debug|Any CPU
		{62A58B8A-2D00-47BA-A33A-59CFC8008155}.Release|Any CPU.ActiveCfg = Release|Any CPU
		{62A58B8A-2D00-47BA-A33A-59CFC8008155}.Release|Any CPU.Build.0 = Release|Any CPU
	EndGlobalSection
	GlobalSection(SolutionProperties) = preSolution
		HideSolutionNode = FALSE
	EndGlobalSection
	GlobalSection(NDepend) = preSolution
		Project = ".\GraphFramework.ndproj"
	EndGlobalSection
EndGlobal
